// !$*UTF8*$!
{
	archiveVersion = 1;
	classes = {
	};
	objectVersion = 46;
	objects = {

/* Begin PBXBuildFile section */
		3FFE6F731A7C634800EBB098 /* AppDelegate.swift in Sources */ = {isa = PBXBuildFile; fileRef = 3FFE6F721A7C634800EBB098 /* AppDelegate.swift */; };
		3FFE6F751A7C634800EBB098 /* ViewController.swift in Sources */ = {isa = PBXBuildFile; fileRef = 3FFE6F741A7C634800EBB098 /* ViewController.swift */; };
		3FFE6F781A7C634800EBB098 /* Main.storyboard in Resources */ = {isa = PBXBuildFile; fileRef = 3FFE6F761A7C634800EBB098 /* Main.storyboard */; };
		3FFE6F7A1A7C634800EBB098 /* Images.xcassets in Resources */ = {isa = PBXBuildFile; fileRef = 3FFE6F791A7C634800EBB098 /* Images.xcassets */; };
		3FFE6F7D1A7C634800EBB098 /* LaunchScreen.xib in Resources */ = {isa = PBXBuildFile; fileRef = 3FFE6F7B1A7C634800EBB098 /* LaunchScreen.xib */; };
		3FFE6F891A7C634800EBB098 /* SlideStatusAndToolBarTests.swift in Sources */ = {isa = PBXBuildFile; fileRef = 3FFE6F881A7C634800EBB098 /* SlideStatusAndToolBarTests.swift */; };
/* End PBXBuildFile section */

/* Begin PBXContainerItemProxy section */
		3FFE6F831A7C634800EBB098 /* PBXContainerItemProxy */ = {
			isa = PBXContainerItemProxy;
			containerPortal = 3FFE6F651A7C634800EBB098 /* Project object */;
			proxyType = 1;
			remoteGlobalIDString = 3FFE6F6C1A7C634800EBB098;
			remoteInfo = SlideStatusAndToolBar;
		};
/* End PBXContainerItemProxy section */

/* Begin PBXFileReference section */
		3FFE6F6D1A7C634800EBB098 /* SlideStatusAndToolBar.app */ = {isa = PBXFileReference; explicitFileType = wrapper.application; includeInIndex = 0; path = SlideStatusAndToolBar.app; sourceTree = BUILT_PRODUCTS_DIR; };
		3FFE6F711A7C634800EBB098 /* Info.plist */ = {isa = PBXFileReference; lastKnownFileType = text.plist.xml; path = Info.plist; sourceTree = "<group>"; };
		3FFE6F721A7C634800EBB098 /* AppDelegate.swift */ = {isa = PBXFileReference; lastKnownFileType = sourcecode.swift; path = AppDelegate.swift; sourceTree = "<group>"; };
		3FFE6F741A7C634800EBB098 /* ViewController.swift */ = {isa = PBXFileReference; lastKnownFileType = sourcecode.swift; path = ViewController.swift; sourceTree = "<group>"; };
		3FFE6F771A7C634800EBB098 /* Base */ = {isa = PBXFileReference; lastKnownFileType = file.storyboard; name = Base; path = Base.lproj/Main.storyboard; sourceTree = "<group>"; };
		3FFE6F791A7C634800EBB098 /* Images.xcassets */ = {isa = PBXFileReference; lastKnownFileType = folder.assetcatalog; path = Images.xcassets; sourceTree = "<group>"; };
		3FFE6F7C1A7C634800EBB098 /* Base */ = {isa = PBXFileReference; lastKnownFileType = file.xib; name = Base; path = Base.lproj/LaunchScreen.xib; sourceTree = "<group>"; };
		3FFE6F821A7C634800EBB098 /* SlideStatusAndToolBarTests.xctest */ = {isa = PBXFileReference; explicitFileType = wrapper.cfbundle; includeInIndex = 0; path = SlideStatusAndToolBarTests.xctest; sourceTree = BUILT_PRODUCTS_DIR; };
		3FFE6F871A7C634800EBB098 /* Info.plist */ = {isa = PBXFileReference; lastKnownFileType = text.plist.xml; path = Info.plist; sourceTree = "<group>"; };
		3FFE6F881A7C634800EBB098 /* SlideStatusAndToolBarTests.swift */ = {isa = PBXFileReference; lastKnownFileType = sourcecode.swift; path = SlideStatusAndToolBarTests.swift; sourceTree = "<group>"; };
/* End PBXFileReference section */

/* Begin PBXFrameworksBuildPhase section */
		3FFE6F6A1A7C634800EBB098 /* Frameworks */ = {
			isa = PBXFrameworksBuildPhase;
			buildActionMask = 2147483647;
			files = (
			);
			runOnlyForDeploymentPostprocessing = 0;
		};
		3FFE6F7F1A7C634800EBB098 /* Frameworks */ = {
			isa = PBXFrameworksBuildPhase;
			buildActionMask = 2147483647;
			files = (
			);
			runOnlyForDeploymentPostprocessing = 0;
		};
/* End PBXFrameworksBuildPhase section */

/* Begin PBXGroup section */
		3FFE6F641A7C634800EBB098 = {
			isa = PBXGroup;
			children = (
				3FFE6F6F1A7C634800EBB098 /* SlideStatusAndToolBar */,
				3FFE6F851A7C634800EBB098 /* SlideStatusAndToolBarTests */,
				3FFE6F6E1A7C634800EBB098 /* Products */,
			);
			sourceTree = "<group>";
		};
		3FFE6F6E1A7C634800EBB098 /* Products */ = {
			isa = PBXGroup;
			children = (
				3FFE6F6D1A7C634800EBB098 /* SlideStatusAndToolBar.app */,
				3FFE6F821A7C634800EBB098 /* SlideStatusAndToolBarTests.xctest */,
			);
			name = Products;
			sourceTree = "<group>";
		};
		3FFE6F6F1A7C634800EBB098 /* SlideStatusAndToolBar */ = {
			isa = PBXGroup;
			children = (
				3FFE6F721A7C634800EBB098 /* AppDelegate.swift */,
				3FFE6F741A7C634800EBB098 /* ViewController.swift */,
				3FFE6F761A7C634800EBB098 /* Main.storyboard */,
				3FFE6F791A7C634800EBB098 /* Images.xcassets */,
				3FFE6F7B1A7C634800EBB098 /* LaunchScreen.xib */,
				3FFE6F701A7C634800EBB098 /* Supporting Files */,
			);
			path = SlideStatusAndToolBar;
			sourceTree = "<group>";
		};
		3FFE6F701A7C634800EBB098 /* Supporting Files */ = {
			isa = PBXGroup;
			children = (
				3FFE6F711A7C634800EBB098 /* Info.plist */,
			);
			name = "Supporting Files";
			sourceTree = "<group>";
		};
		3FFE6F851A7C634800EBB098 /* SlideStatusAndToolBarTests */ = {
			isa = PBXGroup;
			children = (
				3FFE6F881A7C634800EBB098 /* SlideStatusAndToolBarTests.swift */,
				3FFE6F861A7C634800EBB098 /* Supporting Files */,
			);
			path = SlideStatusAndToolBarTests;
			sourceTree = "<group>";
		};
		3FFE6F861A7C634800EBB098 /* Supporting Files */ = {
			isa = PBXGroup;
			children = (
				3FFE6F871A7C634800EBB098 /* Info.plist */,
			);
			name = "Supporting Files";
			sourceTree = "<group>";
		};
/* End PBXGroup section */

/* Begin PBXNativeTarget section */
		3FFE6F6C1A7C634800EBB098 /* SlideStatusAndToolBar */ = {
			isa = PBXNativeTarget;
			buildConfigurationList = 3FFE6F8C1A7C634800EBB098 /* Build configuration list for PBXNativeTarget "SlideStatusAndToolBar" */;
			buildPhases = (
				3FFE6F691A7C634800EBB098 /* Sources */,
				3FFE6F6A1A7C634800EBB098 /* Frameworks */,
				3FFE6F6B1A7C634800EBB098 /* Resources */,
			);
			buildRules = (
			);
			dependencies = (
			);
			name = SlideStatusAndToolBar;
			productName = SlideStatusAndToolBar;
			productReference = 3FFE6F6D1A7C634800EBB098 /* SlideStatusAndToolBar.app */;
			productType = "com.apple.product-type.application";
		};
		3FFE6F811A7C634800EBB098 /* SlideStatusAndToolBarTests */ = {
			isa = PBXNativeTarget;
			buildConfigurationList = 3FFE6F8F1A7C634800EBB098 /* Build configuration list for PBXNativeTarget "SlideStatusAndToolBarTests" */;
			buildPhases = (
				3FFE6F7E1A7C634800EBB098 /* Sources */,
				3FFE6F7F1A7C634800EBB098 /* Frameworks */,
				3FFE6F801A7C634800EBB098 /* Resources */,
			);
			buildRules = (
			);
			dependencies = (
				3FFE6F841A7C634800EBB098 /* PBXTargetDependency */,
			);
			name = SlideStatusAndToolBarTests;
			productName = SlideStatusAndToolBarTests;
			productReference = 3FFE6F821A7C634800EBB098 /* SlideStatusAndToolBarTests.xctest */;
			productType = "com.apple.product-type.bundle.unit-test";
		};
/* End PBXNativeTarget section */

/* Begin PBXProject section */
		3FFE6F651A7C634800EBB098 /* Project object */ = {
			isa = PBXProject;
			attributes = {
				LastUpgradeCheck = 0610;
				ORGANIZATIONNAME = yamakadoh;
				TargetAttributes = {
					3FFE6F6C1A7C634800EBB098 = {
						CreatedOnToolsVersion = 6.1.1;
					};
					3FFE6F811A7C634800EBB098 = {
						CreatedOnToolsVersion = 6.1.1;
						TestTargetID = 3FFE6F6C1A7C634800EBB098;
					};
				};
			};
			buildConfigurationList = 3FFE6F681A7C634800EBB098 /* Build configuration list for PBXProject "SlideStatusAndToolBar" */;
			compatibilityVersion = "Xcode 3.2";
			developmentRegion = English;
			hasScannedForEncodings = 0;
			knownRegions = (
				en,
				Base,
			);
			mainGroup = 3FFE6F641A7C634800EBB098;
			productRefGroup = 3FFE6F6E1A7C634800EBB098 /* Products */;
			projectDirPath = "";
			projectRoot = "";
			targets = (
				3FFE6F6C1A7C634800EBB098 /* SlideStatusAndToolBar */,
				3FFE6F811A7C634800EBB098 /* SlideStatusAndToolBarTests */,
			);
		};
/* End PBXProject section */

/* Begin PBXResourcesBuildPhase section */
		3FFE6F6B1A7C634800EBB098 /* Resources */ = {
			isa = PBXResourcesBuildPhase;
			buildActionMask = 2147483647;
			files = (
				3FFE6F781A7C634800EBB098 /* Main.storyboard in Resources */,
				3FFE6F7D1A7C634800EBB098 /* LaunchScreen.xib in Resources */,
				3FFE6F7A1A7C634800EBB098 /* Images.xcassets in Resources */,
			);
			runOnlyForDeploymentPostprocessing = 0;
		};
		3FFE6F801A7C634800EBB098 /* Resources */ = {
			isa = PBXResourcesBuildPhase;
			buildActionMask = 2147483647;
			files = (
			);
			runOnlyForDeploymentPostprocessing = 0;
		};
/* End PBXResourcesBuildPhase section */

/* Begin PBXSourcesBuildPhase section */
		3FFE6F691A7C634800EBB098 /* Sources */ = {
			isa = PBXSourcesBuildPhase;
			buildActionMask = 2147483647;
			files = (
				3FFE6F751A7C634800EBB098 /* ViewController.swift in Sources */,
				3FFE6F731A7C634800EBB098 /* AppDelegate.swift in Sources */,
			);
			runOnlyForDeploymentPostprocessing = 0;
		};
		3FFE6F7E1A7C634800EBB098 /* Sources */ = {
			isa = PBXSourcesBuildPhase;
			buildActionMask = 2147483647;
			files = (
				3FFE6F891A7C634800EBB098 /* SlideStatusAndToolBarTests.swift in Sources */,
			);
			runOnlyForDeploymentPostprocessing = 0;
		};
/* End PBXSourcesBuildPhase section */

/* Begin PBXTargetDependency section */
		3FFE6F841A7C634800EBB098 /* PBXTargetDependency */ = {
			isa = PBXTargetDependency;
			target = 3FFE6F6C1A7C634800EBB098 /* SlideStatusAndToolBar */;
			targetProxy = 3FFE6F831A7C634800EBB098 /* PBXContainerItemProxy */;
		};
/* End PBXTargetDependency section */

/* Begin PBXVariantGroup section */
		3FFE6F761A7C634800EBB098 /* Main.storyboard */ = {
			isa = PBXVariantGroup;
			children = (
				3FFE6F771A7C634800EBB098 /* Base */,
			);
			name = Main.storyboard;
			sourceTree = "<group>";
		};
		3FFE6F7B1A7C634800EBB098 /* LaunchScreen.xib */ = {
			isa = PBXVariantGroup;
			children = (
				3FFE6F7C1A7C634800EBB098 /* Base */,
			);
			name = LaunchScreen.xib;
			sourceTree = "<group>";
		};
/* End PBXVariantGroup section */

/* Begin XCBuildConfiguration section */
		3FFE6F8A1A7C634800EBB098 /* Debug */ = {
			isa = XCBuildConfiguration;
			buildSettings = {
				ALWAYS_SEARCH_USER_PATHS = NO;
				CLANG_CXX_LANGUAGE_STANDARD = "gnu++0x";
				CLANG_CXX_LIBRARY = "libc++";
				CLANG_ENABLE_MODULES = YES;
				CLANG_ENABLE_OBJC_ARC = YES;
				CLANG_WARN_BOOL_CONVERSION = YES;
				CLANG_WARN_CONSTANT_CONVERSION = YES;
				CLANG_WARN_DIRECT_OBJC_ISA_USAGE = YES_ERROR;
				CLANG_WARN_EMPTY_BODY = YES;
				CLANG_WARN_ENUM_CONVERSION = YES;
				CLANG_WARN_INT_CONVERSION = YES;
				CLANG_WARN_OBJC_ROOT_CLASS = YES_ERROR;
				CLANG_WARN_UNREACHABLE_CODE = YES;
				CLANG_WARN__DUPLICATE_METHOD_MATCH = YES;
				"CODE_SIGN_IDENTITY[sdk=iphoneos*]" = "iPhone Developer";
				COPY_PHASE_STRIP = NO;
				ENABLE_STRICT_OBJC_MSGSEND = YES;
				GCC_C_LANGUAGE_STANDARD = gnu99;
				GCC_DYNAMIC_NO_PIC = NO;
				GCC_OPTIMIZATION_LEVEL = 0;
				GCC_PREPROCESSOR_DEFINITIONS = (
					"DEBUG=1",
					"$(inherited)",
				);
				GCC_SYMBOLS_PRIVATE_EXTERN = NO;
				GCC_WARN_64_TO_32_BIT_CONVERSION = YES;
				GCC_WARN_ABOUT_RETURN_TYPE = YES_ERROR;
				GCC_WARN_UNDECLARED_SELECTOR = YES;
				GCC_WARN_UNINITIALIZED_AUTOS = YES_AGGRESSIVE;
				GCC_WARN_UNUSED_FUNCTION = YES;
				GCC_WARN_UNUSED_VARIABLE = YES;
				IPHONEOS_DEPLOYMENT_TARGET = 8.1;
				MTL_ENABLE_DEBUG_INFO = YES;
				ONLY_ACTIVE_ARCH = YES;
				SDKROOT = iphoneos;
				SWIFT_OPTIMIZATION_LEVEL = "-Onone";
			};
			name = Debug;
		};
		3FFE6F8B1A7C634800EBB098 /* Release */ = {
			isa = XCBuildConfiguration;
			buildSettings = {
				ALWAYS_SEARCH_USER_PATHS = NO;
				CLANG_CXX_LANGUAGE_STANDARD = "gnu++0x";
				CLANG_CXX_LIBRARY = "libc++";
				CLANG_ENABLE_MODULES = YES;
				CLANG_ENABLE_OBJC_ARC = YES;
				CLANG_WARN_BOOL_CONVERSION = YES;
				CLANG_WARN_CONSTANT_CONVERSION = YES;
				CLANG_WARN_DIRECT_OBJC_ISA_USAGE = YES_ERROR;
				CLANG_WARN_EMPTY_BODY = YES;
				CLANG_WARN_ENUM_CONVERSION = YES;
				CLANG_WARN_INT_CONVERSION = YES;
				CLANG_WARN_OBJC_ROOT_CLASS = YES_ERROR;
				CLANG_WARN_UNREACHABLE_CODE = YES;
				CLANG_WARN__DUPLICATE_METHOD_MATCH = YES;
				"CODE_SIGN_IDENTITY[sdk=iphoneos*]" = "iPhone Developer";
				COPY_PHASE_STRIP = YES;
				ENABLE_NS_ASSERTIONS = NO;
				ENABLE_STRICT_OBJC_MSGSEND = YES;
				GCC_C_LANGUAGE_STANDARD = gnu99;
				GCC_WARN_64_TO_32_BIT_CONVERSION = YES;
				GCC_WARN_ABOUT_RETURN_TYPE = YES_ERROR;
				GCC_WARN_UNDECLARED_SELECTOR = YES;
				GCC_WARN_UNINITIALIZED_AUTOS = YES_AGGRESSIVE;
				GCC_WARN_UNUSED_FUNCTION = YES;
				GCC_WARN_UNUSED_VARIABLE = YES;
				IPHONEOS_DEPLOYMENT_TARGET = 8.1;
				MTL_ENABLE_DEBUG_INFO = NO;
				SDKROOT = iphoneos;
				VALIDATE_PRODUCT = YES;
			};
			name = Release;
		};
		3FFE6F8D1A7C634800EBB098 /* Debug */ = {
			isa = XCBuildConfiguration;
			buildSettings = {
				ASSETCATALOG_COMPILER_APPICON_NAME = AppIcon;
				INFOPLIST_FILE = SlideStatusAndToolBar/Info.plist;
				LD_RUNPATH_SEARCH_PATHS = "$(inherited) @executable_path/Frameworks";
				PRODUCT_NAME = "$(TARGET_NAME)";
			};
			name = Debug;
		};
		3FFE6F8E1A7C634800EBB098 /* Release */ = {
			isa = XCBuildConfiguration;
			buildSettings = {
				ASSETCATALOG_COMPILER_APPICON_NAME = AppIcon;
				INFOPLIST_FILE = SlideStatusAndToolBar/Info.plist;
				LD_RUNPATH_SEARCH_PATHS = "$(inherited) @executable_path/Frameworks";
				PRODUCT_NAME = "$(TARGET_NAME)";
			};
			name = Release;
		};
		3FFE6F901A7C634800EBB098 /* Debug */ = {
			isa = XCBuildConfiguration;
			buildSettings = {
				BUNDLE_LOADER = "$(TEST_HOST)";
				FRAMEWORK_SEARCH_PATHS = (
					"$(SDKROOT)/Developer/Library/Frameworks",
					"$(inherited)",
				);
				GCC_PREPROCESSOR_DEFINITIONS = (
					"DEBUG=1",
					"$(inherited)",
				);
				INFOPLIST_FILE = SlideStatusAndToolBarTests/Info.plist;
				LD_RUNPATH_SEARCH_PATHS = "$(inherited) @executable_path/Frameworks @loader_path/Frameworks";
				PRODUCT_NAME = "$(TARGET_NAME)";
				TEST_HOST = "$(BUILT_PRODUCTS_DIR)/SlideStatusAndToolBar.app/SlideStatusAndToolBar";
			};
			name = Debug;
		};
		3FFE6F911A7C634800EBB098 /* Release */ = {
			isa = XCBuildConfiguration;
			buildSettings = {
				BUNDLE_LOADER = "$(TEST_HOST)";
				FRAMEWORK_SEARCH_PATHS = (
					"$(SDKROOT)/Developer/Library/Frameworks",
					"$(inherited)",
				);
				INFOPLIST_FILE = SlideStatusAndToolBarTests/Info.plist;
				LD_RUNPATH_SEARCH_PATHS = "$(inherited) @executable_path/Frameworks @loader_path/Frameworks";
				PRODUCT_NAME = "$(TARGET_NAME)";
				TEST_HOST = "$(BUILT_PRODUCTS_DIR)/SlideStatusAndToolBar.app/SlideStatusAndToolBar";
			};
			name = Release;
		};
/* End XCBuildConfiguration section */

/* Begin XCConfigurationList section */
		3FFE6F681A7C634800EBB098 /* Build configuration list for PBXProject "SlideStatusAndToolBar" */ = {
			isa = XCConfigurationList;
			buildConfigurations = (
				3FFE6F8A1A7C634800EBB098 /* Debug */,
				3FFE6F8B1A7C634800EBB098 /* Release */,
			);
			defaultConfigurationIsVisible = 0;
			defaultConfigurationName = Release;
		};
		3FFE6F8C1A7C634800EBB098 /* Build configuration list for PBXNativeTarget "SlideStatusAndToolBar" */ = {
			isa = XCConfigurationList;
			buildConfigurations = (
				3FFE6F8D1A7C634800EBB098 /* Debug */,
				3FFE6F8E1A7C634800EBB098 /* Release */,
			);
			defaultConfigurationIsVisible = 0;
		};
		3FFE6F8F1A7C634800EBB098 /* Build configuration list for PBXNativeTarget "SlideStatusAndToolBarTests" */ = {
			isa = XCConfigurationList;
			buildConfigurations = (
				3FFE6F901A7C634800EBB098 /* Debug */,
				3FFE6F911A7C634800EBB098 /* Release */,
			);
			defaultConfigurationIsVisible = 0;
		};
/* End XCConfigurationList section */
	};
	rootObject = 3FFE6F651A7C634800EBB098 /* Project object */;
}
